<?xml version="1.0" encoding="utf-8"?>
<Project ToolsVersion="4.0" xmlns="http://schemas.microsoft.com/developer/msbuild/2003">
  <ItemGroup>
    <Filter Include="Utilities">
      <UniqueIdentifier>{d4527830-01c6-4095-8cd4-6e991ac5548c}</UniqueIdentifier>
    </Filter>
    <Filter Include="Basic">
      <UniqueIdentifier>{93995380-89BD-4b04-88EB-625FBE52EBFB}</UniqueIdentifier>
      <Extensions>h;hh;hpp;hxx;h++;hm;inl;inc;ipp;xsd</Extensions>
    </Filter>
    <Filter Include="Core">
      <UniqueIdentifier>{4FC737F1-C7A5-4376-A066-2A32D752A2FF}</UniqueIdentifier>
      <Extensions>cpp;c;cc;cxx;c++;cppm;ixx;def;odl;idl;hpj;bat;asm;asmx</Extensions>
    </Filter>
    <Filter Include="Shaders">
      <UniqueIdentifier>{88370884-0c3d-42e6-b186-6caec1d8b4ba}</UniqueIdentifier>
    </Filter>
    <Filter Include="Pipeline Related">
      <UniqueIdentifier>{d21a1542-d5d1-4013-9fed-f04b7c895829}</UniqueIdentifier>
    </Filter>
    <Filter Include="Rendering Metadata Abstract">
      <UniqueIdentifier>{c422bfa8-44f6-47c1-9d8c-96a40028805b}</UniqueIdentifier>
    </Filter>
  </ItemGroup>
  <ItemGroup>
    <ClInclude Include="d3dApp.h">
      <Filter>Basic</Filter>
    </ClInclude>
    <ClInclude Include="d3dUtil.h">
      <Filter>Utilities</Filter>
    </ClInclude>
    <ClInclude Include="Keyboard.h">
      <Filter>Utilities</Filter>
    </ClInclude>
    <ClInclude Include="Mouse.h">
      <Filter>Utilities</Filter>
    </ClInclude>
    <ClInclude Include="GameTimer.h">
      <Filter>Utilities</Filter>
    </ClInclude>
    <ClInclude Include="DXTrace.h">
      <Filter>Utilities</Filter>
    </ClInclude>
    <ClInclude Include="GameApp.h">
      <Filter>Core</Filter>
    </ClInclude>
    <ClInclude Include="DDSTextureLoader11.h">
      <Filter>Utilities</Filter>
    </ClInclude>
    <ClInclude Include="ScreenGrab11.h">
      <Filter>Utilities</Filter>
    </ClInclude>
    <ClInclude Include="WICTextureLoader11.h">
      <Filter>Utilities</Filter>
    </ClInclude>
  </ItemGroup>
  <ItemGroup>
    <ClCompile Include="GameApp.cpp">
      <Filter>Core</Filter>
    </ClCompile>
    <ClCompile Include="d3dUtil.cpp">
      <Filter>Utilities</Filter>
    </ClCompile>
    <ClCompile Include="Mouse.cpp">
      <Filter>Utilities</Filter>
    </ClCompile>
    <ClCompile Include="Keyboard.cpp">
      <Filter>Utilities</Filter>
    </ClCompile>
    <ClCompile Include="GameTimer.cpp">
      <Filter>Utilities</Filter>
    </ClCompile>
    <ClCompile Include="DXTrace.cpp">
      <Filter>Utilities</Filter>
    </ClCompile>
    <ClCompile Include="Main.cpp">
      <Filter>Basic</Filter>
    </ClCompile>
    <ClCompile Include="d3dApp.cpp">
      <Filter>Basic</Filter>
    </ClCompile>
    <ClCompile Include="DDSTextureLoader11.cpp">
      <Filter>Utilities</Filter>
    </ClCompile>
    <ClCompile Include="ScreenGrab11.cpp">
      <Filter>Utilities</Filter>
    </ClCompile>
    <ClCompile Include="WICTextureLoader11.cpp">
      <Filter>Utilities</Filter>
    </ClCompile>
  </ItemGroup>
</Project>